
Microsoft Visual Studio Solution File, Format Version 12.00
# Visual Studio Version 16
VisualStudioVersion = 16.0.33130.400
MinimumVisualStudioVersion = 10.0.40219.1
Project("{FAE04EC0-301F-11D3-BF4B-00C04F79EFBC}") = "LR1_AKG", "LR1_AKG.csproj", "{F39C1CF0-16C9-4273-832D-A9E060F2C436}"
EndProject
Global
	GlobalSection(SolutionConfigurationPlatforms) = preSolution
		Debug|Any CPU = Debug|Any CPU
		Release|Any CPU = Release|Any CPU
	EndGlobalSection
	GlobalSection(ProjectConfigurationPlatforms) = postSolution
		{F39C1CF0-16C9-4273-832D-A9E060F2C436}.Debug|Any CPU.ActiveCfg = Debug|Any CPU
		{F39C1CF0-16C9-4273-832D-A9E060F2C436}.Debug|Any CPU.Build.0 = Debug|Any CPU
		{F39C1CF0-16C9-4273-832D-A9E060F2C436}.Release|Any CPU.ActiveCfg = Release|Any CPU
		{F39C1CF0-16C9-4273-832D-A9E060F2C436}.Release|Any CPU.Build.0 = Release|Any CPU
	EndGlobalSection
	GlobalSection(SolutionProperties) = preSolution
		HideSolutionNode = FALSE
	EndGlobalSection
	GlobalSection(ExtensibilityGlobals) = postSolution
		SolutionGuid = {49FC30C3-8727-4E28-8C10-250F02B2DE89}
	EndGlobalSection
EndGlobal
